// !$*UTF8*$!
{
	archiveVersion = 1;
	classes = {
	};
	objectVersion = 46;
	objects = {

/* Begin PBXBuildFile section */
		6F81F2051A5167210047BB55 /* AppDelegate.swift in Sources */ = {isa = PBXBuildFile; fileRef = 6F81F2041A5167210047BB55 /* AppDelegate.swift */; };
		6F81F2071A5167210047BB55 /* ViewController.swift in Sources */ = {isa = PBXBuildFile; fileRef = 6F81F2061A5167210047BB55 /* ViewController.swift */; };
		6F81F20A1A5167210047BB55 /* Main.storyboard in Resources */ = {isa = PBXBuildFile; fileRef = 6F81F2081A5167210047BB55 /* Main.storyboard */; };
		6F81F20C1A5167210047BB55 /* Images.xcassets in Resources */ = {isa = PBXBuildFile; fileRef = 6F81F20B1A5167210047BB55 /* Images.xcassets */; };
		6F81F20F1A5167210047BB55 /* LaunchScreen.xib in Resources */ = {isa = PBXBuildFile; fileRef = 6F81F20D1A5167210047BB55 /* LaunchScreen.xib */; };
		6F81F21B1A5167210047BB55 /* StormyTests.swift in Sources */ = {isa = PBXBuildFile; fileRef = 6F81F21A1A5167210047BB55 /* StormyTests.swift */; };
		6F81F2271A5180420047BB55 /* Current.swift in Sources */ = {isa = PBXBuildFile; fileRef = 6F81F2261A5180420047BB55 /* Current.swift */; };
/* End PBXBuildFile section */

/* Begin PBXContainerItemProxy section */
		6F81F2151A5167210047BB55 /* PBXContainerItemProxy */ = {
			isa = PBXContainerItemProxy;
			containerPortal = 6F81F1F71A5167210047BB55 /* Project object */;
			proxyType = 1;
			remoteGlobalIDString = 6F81F1FE1A5167210047BB55;
			remoteInfo = Stormy;
		};
/* End PBXContainerItemProxy section */

/* Begin PBXFileReference section */
		6F81F1FF1A5167210047BB55 /* Stormy.app */ = {isa = PBXFileReference; explicitFileType = wrapper.application; includeInIndex = 0; path = Stormy.app; sourceTree = BUILT_PRODUCTS_DIR; };
		6F81F2031A5167210047BB55 /* Info.plist */ = {isa = PBXFileReference; lastKnownFileType = text.plist.xml; path = Info.plist; sourceTree = "<group>"; };
		6F81F2041A5167210047BB55 /* AppDelegate.swift */ = {isa = PBXFileReference; lastKnownFileType = sourcecode.swift; path = AppDelegate.swift; sourceTree = "<group>"; };
		6F81F2061A5167210047BB55 /* ViewController.swift */ = {isa = PBXFileReference; lastKnownFileType = sourcecode.swift; path = ViewController.swift; sourceTree = "<group>"; };
		6F81F2091A5167210047BB55 /* Base */ = {isa = PBXFileReference; lastKnownFileType = file.storyboard; name = Base; path = Base.lproj/Main.storyboard; sourceTree = "<group>"; };
		6F81F20B1A5167210047BB55 /* Images.xcassets */ = {isa = PBXFileReference; lastKnownFileType = folder.assetcatalog; path = Images.xcassets; sourceTree = "<group>"; };
		6F81F20E1A5167210047BB55 /* Base */ = {isa = PBXFileReference; lastKnownFileType = file.xib; name = Base; path = Base.lproj/LaunchScreen.xib; sourceTree = "<group>"; };
		6F81F2141A5167210047BB55 /* StormyTests.xctest */ = {isa = PBXFileReference; explicitFileType = wrapper.cfbundle; includeInIndex = 0; path = StormyTests.xctest; sourceTree = BUILT_PRODUCTS_DIR; };
		6F81F2191A5167210047BB55 /* Info.plist */ = {isa = PBXFileReference; lastKnownFileType = text.plist.xml; path = Info.plist; sourceTree = "<group>"; };
		6F81F21A1A5167210047BB55 /* StormyTests.swift */ = {isa = PBXFileReference; lastKnownFileType = sourcecode.swift; path = StormyTests.swift; sourceTree = "<group>"; };
		6F81F2241A516D0E0047BB55 /* MyPlayground.playground */ = {isa = PBXFileReference; lastKnownFileType = file.playground; name = MyPlayground.playground; path = Stormy/MyPlayground.playground; sourceTree = "<group>"; };
		6F81F2261A5180420047BB55 /* Current.swift */ = {isa = PBXFileReference; fileEncoding = 4; lastKnownFileType = sourcecode.swift; path = Current.swift; sourceTree = "<group>"; };
/* End PBXFileReference section */

/* Begin PBXFrameworksBuildPhase section */
		6F81F1FC1A5167210047BB55 /* Frameworks */ = {
			isa = PBXFrameworksBuildPhase;
			buildActionMask = 2147483647;
			files = (
			);
			runOnlyForDeploymentPostprocessing = 0;
		};
		6F81F2111A5167210047BB55 /* Frameworks */ = {
			isa = PBXFrameworksBuildPhase;
			buildActionMask = 2147483647;
			files = (
			);
			runOnlyForDeploymentPostprocessing = 0;
		};
/* End PBXFrameworksBuildPhase section */

/* Begin PBXGroup section */
		6F81F1F61A5167210047BB55 = {
			isa = PBXGroup;
			children = (
				6F81F2011A5167210047BB55 /* Stormy */,
				6F81F2251A516D140047BB55 /* Playgrounds */,
				6F81F2171A5167210047BB55 /* StormyTests */,
				6F81F2001A5167210047BB55 /* Products */,
			);
			sourceTree = "<group>";
		};
		6F81F2001A5167210047BB55 /* Products */ = {
			isa = PBXGroup;
			children = (
				6F81F1FF1A5167210047BB55 /* Stormy.app */,
				6F81F2141A5167210047BB55 /* StormyTests.xctest */,
			);
			name = Products;
			sourceTree = "<group>";
		};
		6F81F2011A5167210047BB55 /* Stormy */ = {
			isa = PBXGroup;
			children = (
				6F81F2041A5167210047BB55 /* AppDelegate.swift */,
				6F81F2061A5167210047BB55 /* ViewController.swift */,
				6F81F2081A5167210047BB55 /* Main.storyboard */,
				6F81F20B1A5167210047BB55 /* Images.xcassets */,
				6F81F20D1A5167210047BB55 /* LaunchScreen.xib */,
				6F81F2021A5167210047BB55 /* Supporting Files */,
				6F81F2261A5180420047BB55 /* Current.swift */,
			);
			path = Stormy;
			sourceTree = "<group>";
		};
		6F81F2021A5167210047BB55 /* Supporting Files */ = {
			isa = PBXGroup;
			children = (
				6F81F2031A5167210047BB55 /* Info.plist */,
			);
			name = "Supporting Files";
			sourceTree = "<group>";
		};
		6F81F2171A5167210047BB55 /* StormyTests */ = {
			isa = PBXGroup;
			children = (
				6F81F21A1A5167210047BB55 /* StormyTests.swift */,
				6F81F2181A5167210047BB55 /* Supporting Files */,
			);
			path = StormyTests;
			sourceTree = "<group>";
		};
		6F81F2181A5167210047BB55 /* Supporting Files */ = {
			isa = PBXGroup;
			children = (
				6F81F2191A5167210047BB55 /* Info.plist */,
			);
			name = "Supporting Files";
			sourceTree = "<group>";
		};
		6F81F2251A516D140047BB55 /* Playgrounds */ = {
			isa = PBXGroup;
			children = (
				6F81F2241A516D0E0047BB55 /* MyPlayground.playground */,
			);
			name = Playgrounds;
			sourceTree = "<group>";
		};
/* End PBXGroup section */

/* Begin PBXNativeTarget section */
		6F81F1FE1A5167210047BB55 /* Stormy */ = {
			isa = PBXNativeTarget;
			buildConfigurationList = 6F81F21E1A5167210047BB55 /* Build configuration list for PBXNativeTarget "Stormy" */;
			buildPhases = (
				6F81F1FB1A5167210047BB55 /* Sources */,
				6F81F1FC1A5167210047BB55 /* Frameworks */,
				6F81F1FD1A5167210047BB55 /* Resources */,
			);
			buildRules = (
			);
			dependencies = (
			);
			name = Stormy;
			productName = Stormy;
			productReference = 6F81F1FF1A5167210047BB55 /* Stormy.app */;
			productType = "com.apple.product-type.application";
		};
		6F81F2131A5167210047BB55 /* StormyTests */ = {
			isa = PBXNativeTarget;
			buildConfigurationList = 6F81F2211A5167210047BB55 /* Build configuration list for PBXNativeTarget "StormyTests" */;
			buildPhases = (
				6F81F2101A5167210047BB55 /* Sources */,
				6F81F2111A5167210047BB55 /* Frameworks */,
				6F81F2121A5167210047BB55 /* Resources */,
			);
			buildRules = (
			);
			dependencies = (
				6F81F2161A5167210047BB55 /* PBXTargetDependency */,
			);
			name = StormyTests;
			productName = StormyTests;
			productReference = 6F81F2141A5167210047BB55 /* StormyTests.xctest */;
			productType = "com.apple.product-type.bundle.unit-test";
		};
/* End PBXNativeTarget section */

/* Begin PBXProject section */
		6F81F1F71A5167210047BB55 /* Project object */ = {
			isa = PBXProject;
			attributes = {
				LastUpgradeCheck = 0610;
				ORGANIZATIONNAME = HackMatch;
				TargetAttributes = {
					6F81F1FE1A5167210047BB55 = {
						CreatedOnToolsVersion = 6.1.1;
					};
					6F81F2131A5167210047BB55 = {
						CreatedOnToolsVersion = 6.1.1;
						TestTargetID = 6F81F1FE1A5167210047BB55;
					};
				};
			};
			buildConfigurationList = 6F81F1FA1A5167210047BB55 /* Build configuration list for PBXProject "Stormy" */;
			compatibilityVersion = "Xcode 3.2";
			developmentRegion = English;
			hasScannedForEncodings = 0;
			knownRegions = (
				en,
				Base,
			);
			mainGroup = 6F81F1F61A5167210047BB55;
			productRefGroup = 6F81F2001A5167210047BB55 /* Products */;
			projectDirPath = "";
			projectRoot = "";
			targets = (
				6F81F1FE1A5167210047BB55 /* Stormy */,
				6F81F2131A5167210047BB55 /* StormyTests */,
			);
		};
/* End PBXProject section */

/* Begin PBXResourcesBuildPhase section */
		6F81F1FD1A5167210047BB55 /* Resources */ = {
			isa = PBXResourcesBuildPhase;
			buildActionMask = 2147483647;
			files = (
				6F81F20A1A5167210047BB55 /* Main.storyboard in Resources */,
				6F81F20F1A5167210047BB55 /* LaunchScreen.xib in Resources */,
				6F81F20C1A5167210047BB55 /* Images.xcassets in Resources */,
			);
			runOnlyForDeploymentPostprocessing = 0;
		};
		6F81F2121A5167210047BB55 /* Resources */ = {
			isa = PBXResourcesBuildPhase;
			buildActionMask = 2147483647;
			files = (
			);
			runOnlyForDeploymentPostprocessing = 0;
		};
/* End PBXResourcesBuildPhase section */

/* Begin PBXSourcesBuildPhase section */
		6F81F1FB1A5167210047BB55 /* Sources */ = {
			isa = PBXSourcesBuildPhase;
			buildActionMask = 2147483647;
			files = (
				6F81F2271A5180420047BB55 /* Current.swift in Sources */,
				6F81F2071A5167210047BB55 /* ViewController.swift in Sources */,
				6F81F2051A5167210047BB55 /* AppDelegate.swift in Sources */,
			);
			runOnlyForDeploymentPostprocessing = 0;
		};
		6F81F2101A5167210047BB55 /* Sources */ = {
			isa = PBXSourcesBuildPhase;
			buildActionMask = 2147483647;
			files = (
				6F81F21B1A5167210047BB55 /* StormyTests.swift in Sources */,
			);
			runOnlyForDeploymentPostprocessing = 0;
		};
/* End PBXSourcesBuildPhase section */

/* Begin PBXTargetDependency section */
		6F81F2161A5167210047BB55 /* PBXTargetDependency */ = {
			isa = PBXTargetDependency;
			target = 6F81F1FE1A5167210047BB55 /* Stormy */;
			targetProxy = 6F81F2151A5167210047BB55 /* PBXContainerItemProxy */;
		};
/* End PBXTargetDependency section */

/* Begin PBXVariantGroup section */
		6F81F2081A5167210047BB55 /* Main.storyboard */ = {
			isa = PBXVariantGroup;
			children = (
				6F81F2091A5167210047BB55 /* Base */,
			);
			name = Main.storyboard;
			sourceTree = "<group>";
		};
		6F81F20D1A5167210047BB55 /* LaunchScreen.xib */ = {
			isa = PBXVariantGroup;
			children = (
				6F81F20E1A5167210047BB55 /* Base */,
			);
			name = LaunchScreen.xib;
			sourceTree = "<group>";
		};
/* End PBXVariantGroup section */

/* Begin XCBuildConfiguration section */
		6F81F21C1A5167210047BB55 /* Debug */ = {
			isa = XCBuildConfiguration;
			buildSettings = {
				ALWAYS_SEARCH_USER_PATHS = NO;
				CLANG_CXX_LANGUAGE_STANDARD = "gnu++0x";
				CLANG_CXX_LIBRARY = "libc++";
				CLANG_ENABLE_MODULES = YES;
				CLANG_ENABLE_OBJC_ARC = YES;
				CLANG_WARN_BOOL_CONVERSION = YES;
				CLANG_WARN_CONSTANT_CONVERSION = YES;
				CLANG_WARN_DIRECT_OBJC_ISA_USAGE = YES_ERROR;
				CLANG_WARN_EMPTY_BODY = YES;
				CLANG_WARN_ENUM_CONVERSION = YES;
				CLANG_WARN_INT_CONVERSION = YES;
				CLANG_WARN_OBJC_ROOT_CLASS = YES_ERROR;
				CLANG_WARN_UNREACHABLE_CODE = YES;
				CLANG_WARN__DUPLICATE_METHOD_MATCH = YES;
				"CODE_SIGN_IDENTITY[sdk=iphoneos*]" = "iPhone Developer";
				COPY_PHASE_STRIP = NO;
				ENABLE_STRICT_OBJC_MSGSEND = YES;
				GCC_C_LANGUAGE_STANDARD = gnu99;
				GCC_DYNAMIC_NO_PIC = NO;
				GCC_OPTIMIZATION_LEVEL = 0;
				GCC_PREPROCESSOR_DEFINITIONS = (
					"DEBUG=1",
					"$(inherited)",
				);
				GCC_SYMBOLS_PRIVATE_EXTERN = NO;
				GCC_WARN_64_TO_32_BIT_CONVERSION = YES;
				GCC_WARN_ABOUT_RETURN_TYPE = YES_ERROR;
				GCC_WARN_UNDECLARED_SELECTOR = YES;
				GCC_WARN_UNINITIALIZED_AUTOS = YES_AGGRESSIVE;
				GCC_WARN_UNUSED_FUNCTION = YES;
				GCC_WARN_UNUSED_VARIABLE = YES;
				IPHONEOS_DEPLOYMENT_TARGET = 8.1;
				MTL_ENABLE_DEBUG_INFO = YES;
				ONLY_ACTIVE_ARCH = YES;
				SDKROOT = iphoneos;
				SWIFT_OPTIMIZATION_LEVEL = "-Onone";
			};
			name = Debug;
		};
		6F81F21D1A5167210047BB55 /* Release */ = {
			isa = XCBuildConfiguration;
			buildSettings = {
				ALWAYS_SEARCH_USER_PATHS = NO;
				CLANG_CXX_LANGUAGE_STANDARD = "gnu++0x";
				CLANG_CXX_LIBRARY = "libc++";
				CLANG_ENABLE_MODULES = YES;
				CLANG_ENABLE_OBJC_ARC = YES;
				CLANG_WARN_BOOL_CONVERSION = YES;
				CLANG_WARN_CONSTANT_CONVERSION = YES;
				CLANG_WARN_DIRECT_OBJC_ISA_USAGE = YES_ERROR;
				CLANG_WARN_EMPTY_BODY = YES;
				CLANG_WARN_ENUM_CONVERSION = YES;
				CLANG_WARN_INT_CONVERSION = YES;
				CLANG_WARN_OBJC_ROOT_CLASS = YES_ERROR;
				CLANG_WARN_UNREACHABLE_CODE = YES;
				CLANG_WARN__DUPLICATE_METHOD_MATCH = YES;
				"CODE_SIGN_IDENTITY[sdk=iphoneos*]" = "iPhone Developer";
				COPY_PHASE_STRIP = YES;
				ENABLE_NS_ASSERTIONS = NO;
				ENABLE_STRICT_OBJC_MSGSEND = YES;
				GCC_C_LANGUAGE_STANDARD = gnu99;
				GCC_WARN_64_TO_32_BIT_CONVERSION = YES;
				GCC_WARN_ABOUT_RETURN_TYPE = YES_ERROR;
				GCC_WARN_UNDECLARED_SELECTOR = YES;
				GCC_WARN_UNINITIALIZED_AUTOS = YES_AGGRESSIVE;
				GCC_WARN_UNUSED_FUNCTION = YES;
				GCC_WARN_UNUSED_VARIABLE = YES;
				IPHONEOS_DEPLOYMENT_TARGET = 8.1;
				MTL_ENABLE_DEBUG_INFO = NO;
				SDKROOT = iphoneos;
				VALIDATE_PRODUCT = YES;
			};
			name = Release;
		};
		6F81F21F1A5167210047BB55 /* Debug */ = {
			isa = XCBuildConfiguration;
			buildSettings = {
				ASSETCATALOG_COMPILER_APPICON_NAME = AppIcon;
				INFOPLIST_FILE = Stormy/Info.plist;
				IPHONEOS_DEPLOYMENT_TARGET = 7.1;
				LD_RUNPATH_SEARCH_PATHS = "$(inherited) @executable_path/Frameworks";
				PRODUCT_NAME = "$(TARGET_NAME)";
			};
			name = Debug;
		};
		6F81F2201A5167210047BB55 /* Release */ = {
			isa = XCBuildConfiguration;
			buildSettings = {
				ASSETCATALOG_COMPILER_APPICON_NAME = AppIcon;
				INFOPLIST_FILE = Stormy/Info.plist;
				IPHONEOS_DEPLOYMENT_TARGET = 7.1;
				LD_RUNPATH_SEARCH_PATHS = "$(inherited) @executable_path/Frameworks";
				PRODUCT_NAME = "$(TARGET_NAME)";
			};
			name = Release;
		};
		6F81F2221A5167210047BB55 /* Debug */ = {
			isa = XCBuildConfiguration;
			buildSettings = {
				BUNDLE_LOADER = "$(TEST_HOST)";
				FRAMEWORK_SEARCH_PATHS = (
					"$(SDKROOT)/Developer/Library/Frameworks",
					"$(inherited)",
				);
				GCC_PREPROCESSOR_DEFINITIONS = (
					"DEBUG=1",
					"$(inherited)",
				);
				INFOPLIST_FILE = StormyTests/Info.plist;
				LD_RUNPATH_SEARCH_PATHS = "$(inherited) @executable_path/Frameworks @loader_path/Frameworks";
				PRODUCT_NAME = "$(TARGET_NAME)";
				TEST_HOST = "$(BUILT_PRODUCTS_DIR)/Stormy.app/Stormy";
			};
			name = Debug;
		};
		6F81F2231A5167210047BB55 /* Release */ = {
			isa = XCBuildConfiguration;
			buildSettings = {
				BUNDLE_LOADER = "$(TEST_HOST)";
				FRAMEWORK_SEARCH_PATHS = (
					"$(SDKROOT)/Developer/Library/Frameworks",
					"$(inherited)",
				);
				INFOPLIST_FILE = StormyTests/Info.plist;
				LD_RUNPATH_SEARCH_PATHS = "$(inherited) @executable_path/Frameworks @loader_path/Frameworks";
				PRODUCT_NAME = "$(TARGET_NAME)";
				TEST_HOST = "$(BUILT_PRODUCTS_DIR)/Stormy.app/Stormy";
			};
			name = Release;
		};
/* End XCBuildConfiguration section */

/* Begin XCConfigurationList section */
		6F81F1FA1A5167210047BB55 /* Build configuration list for PBXProject "Stormy" */ = {
			isa = XCConfigurationList;
			buildConfigurations = (
				6F81F21C1A5167210047BB55 /* Debug */,
				6F81F21D1A5167210047BB55 /* Release */,
			);
			defaultConfigurationIsVisible = 0;
			defaultConfigurationName = Release;
		};
		6F81F21E1A5167210047BB55 /* Build configuration list for PBXNativeTarget "Stormy" */ = {
			isa = XCConfigurationList;
			buildConfigurations = (
				6F81F21F1A5167210047BB55 /* Debug */,
				6F81F2201A5167210047BB55 /* Release */,
			);
			defaultConfigurationIsVisible = 0;
			defaultConfigurationName = Release;
		};
		6F81F2211A5167210047BB55 /* Build configuration list for PBXNativeTarget "StormyTests" */ = {
			isa = XCConfigurationList;
			buildConfigurations = (
				6F81F2221A5167210047BB55 /* Debug */,
				6F81F2231A5167210047BB55 /* Release */,
			);
			defaultConfigurationIsVisible = 0;
			defaultConfigurationName = Release;
		};
/* End XCConfigurationList section */
	};
	rootObject = 6F81F1F71A5167210047BB55 /* Project object */;
}
